
Microsoft Visual Studio Solution File, Format Version 11.00
# Visual Studio 2010
Project("{E24C65DC-7377-472B-9ABA-BC803B73C61A}") = "InsuranceAviation", "http://localhost/InsuranceAviation", "{0B3F6BD1-7DCF-4C9A-8275-48D64DAEA7A5}"
	ProjectSection(WebsiteProperties) = preProject
		TargetFrameworkMoniker = ".NETFramework,Version%3Dv4.0"
		ProjectReferences = "{CA03E30C-2335-4D80-A35D-A07830BE85C9}|IAClass.dll;"
		Debug.AspNetCompiler.VirtualPath = "/InsuranceAviation"
		Debug.AspNetCompiler.PhysicalPath = "..\InsuranceAviation\"
		Debug.AspNetCompiler.TargetPath = "PrecompiledWeb\InsuranceAviation\"
		Debug.AspNetCompiler.Updateable = "true"
		Debug.AspNetCompiler.ForceOverwrite = "true"
		Debug.AspNetCompiler.FixedNames = "false"
		Debug.AspNetCompiler.Debug = "True"
		Release.AspNetCompiler.VirtualPath = "/InsuranceAviation"
		Release.AspNetCompiler.PhysicalPath = "..\InsuranceAviation\"
		Release.AspNetCompiler.TargetPath = "PrecompiledWeb\InsuranceAviation\"
		Release.AspNetCompiler.Updateable = "true"
		Release.AspNetCompiler.ForceOverwrite = "true"
		Release.AspNetCompiler.FixedNames = "false"
		Release.AspNetCompiler.Debug = "False"
		SlnRelativePath = "..\..\..\..\..\..\Projects\InsuranceAviation\"
	EndProjectSection
EndProject
Project("{E24C65DC-7377-472B-9ABA-BC803B73C61A}") = "IAWebService", "http://localhost/IAWebService", "{BCFA846C-03F5-4665-9DCA-EC6659D2FDE5}"
	ProjectSection(WebsiteProperties) = preProject
		TargetFrameworkMoniker = ".NETFramework,Version%3Dv4.0"
		ProjectReferences = "{CA03E30C-2335-4D80-A35D-A07830BE85C9}|IAClass.dll;"
		Debug.AspNetCompiler.VirtualPath = "/IAWebService"
		Debug.AspNetCompiler.PhysicalPath = "..\IAWebService\"
		Debug.AspNetCompiler.TargetPath = "PrecompiledWeb\IAWebService\"
		Debug.AspNetCompiler.Updateable = "true"
		Debug.AspNetCompiler.ForceOverwrite = "true"
		Debug.AspNetCompiler.FixedNames = "false"
		Debug.AspNetCompiler.Debug = "True"
		Release.AspNetCompiler.VirtualPath = "/IAWebService"
		Release.AspNetCompiler.PhysicalPath = "..\IAWebService\"
		Release.AspNetCompiler.TargetPath = "PrecompiledWeb\IAWebService\"
		Release.AspNetCompiler.Updateable = "true"
		Release.AspNetCompiler.ForceOverwrite = "true"
		Release.AspNetCompiler.FixedNames = "false"
		Release.AspNetCompiler.Debug = "False"
		SlnRelativePath = "..\..\..\..\..\..\Projects\IAWebService\"
	EndProjectSection
EndProject
Project("{FAE04EC0-301F-11D3-BF4B-00C04F79EFBC}") = "IAClass", "..\IAClass\IAClass.csproj", "{CA03E30C-2335-4D80-A35D-A07830BE85C9}"
EndProject
Project("{FAE04EC0-301F-11D3-BF4B-00C04F79EFBC}") = "IAMessageQ", "IAMessageQ\IAMessageQ.csproj", "{46BCE798-32C0-442A-9801-996AC315B302}"
EndProject
Project("{2150E333-8FDC-42A3-9474-1A3956D46DE8}") = "IPrinter", "IPrinter", "{748DB40B-21FB-42E3-BB4F-F90F991F7021}"
EndProject
Project("{FAE04EC0-301F-11D3-BF4B-00C04F79EFBC}") = "Eagle", "..\IPrinter\ePlus\Eagle.csproj", "{1EC9EF68-4F16-43F4-A572-1F9605CF1B33}"
EndProject
Project("{FAE04EC0-301F-11D3-BF4B-00C04F79EFBC}") = "ErpPlugin", "..\IPrinter\ErpPlugin\ErpPlugin.csproj", "{D258A2E1-8979-457C-84B5-79B98F48D4CB}"
EndProject
Project("{FAE04EC0-301F-11D3-BF4B-00C04F79EFBC}") = "LogoPicture", "..\IPrinter\LogoPicture\LogoPicture.csproj", "{72A07EFB-166F-4D65-9D6E-06899E0DAE7F}"
EndProject
Project("{FAE04EC0-301F-11D3-BF4B-00C04F79EFBC}") = "Options", "..\IPrinter\Options\Options.csproj", "{B39546E6-497F-4002-B3FC-E14767A311BD}"
EndProject
Project("{FAE04EC0-301F-11D3-BF4B-00C04F79EFBC}") = "PrintTool", "..\IPrinter\PrintTool\PrintTool.csproj", "{9C496E4E-7A7F-4B65-9E81-1D90BA6F07AF}"
EndProject
Project("{FAE04EC0-301F-11D3-BF4B-00C04F79EFBC}") = "Data", "..\IPrinter\Data\Data.csproj", "{096CB295-DFFF-4AE0-9517-CAC1FC8B749B}"
EndProject
Project("{FAE04EC0-301F-11D3-BF4B-00C04F79EFBC}") = "EagleCTI", "..\IPrinter\EagleCTI\EagleCTI.csproj", "{9C348E48-AB52-43B0-A659-3338E1F52B73}"
EndProject
Project("{FAE04EC0-301F-11D3-BF4B-00C04F79EFBC}") = "YzpBtoC", "..\IPrinter\YzpBtoC\YzpBtoC.csproj", "{1DECCF7A-0087-4C51-8EBE-A7E6CE7664C9}"
EndProject
Project("{FAE04EC0-301F-11D3-BF4B-00C04F79EFBC}") = "Eagle2", "..\IPrinter\Eagle2.0\Eagle2.csproj", "{F9B48D9F-D42D-41BB-BB9F-F74BADEDF494}"
EndProject
Project("{FAE04EC0-301F-11D3-BF4B-00C04F79EFBC}") = "EagleFinance", "..\IPrinter\EagleFinance\EagleFinance.csproj", "{72E82106-8204-42F8-8714-CEA2CBA3152C}"
EndProject
Project("{FAE04EC0-301F-11D3-BF4B-00C04F79EFBC}") = "EagleControls", "..\IPrinter\EagleControls\EagleControls.csproj", "{D20BDD05-A8CA-4D62-A0A1-8B7E488A5ADD}"
EndProject
Project("{FAE04EC0-301F-11D3-BF4B-00C04F79EFBC}") = "EagleExtension", "..\IPrinter\EagleExtension\EagleExtension.csproj", "{61CDAD0E-ED34-446A-80F8-3DD5464DA58B}"
EndProject
Project("{FAE04EC0-301F-11D3-BF4B-00C04F79EFBC}") = "EagleForms", "..\IPrinter\EagleForms\EagleForms.csproj", "{805841AD-6955-4D93-A9D8-081473BC43EF}"
EndProject
Project("{FAE04EC0-301F-11D3-BF4B-00C04F79EFBC}") = "EagleNotifyIcon", "..\IPrinter\EagleNotifyIcon\EagleNotifyIcon.csproj", "{A9ECB6B5-D31C-476D-AB68-7E121425991C}"
EndProject
Project("{FAE04EC0-301F-11D3-BF4B-00C04F79EFBC}") = "EagleProtocal", "..\IPrinter\EagleProtocal\EagleProtocal.csproj", "{41289AE3-D37C-40AA-86DF-831C21967998}"
EndProject
Project("{FAE04EC0-301F-11D3-BF4B-00C04F79EFBC}") = "EagleString", "..\IPrinter\EagleString\EagleString.csproj", "{6C5F9425-1F83-42E7-BCF3-100C2B3F8B83}"
EndProject
Project("{FAE04EC0-301F-11D3-BF4B-00C04F79EFBC}") = "EagleWebService", "..\IPrinter\EagleWebService\EagleWebService.csproj", "{7A147033-6E25-48D8-ADC9-3F2C2B38BDCF}"
EndProject
Project("{FAE04EC0-301F-11D3-BF4B-00C04F79EFBC}") = "EagleDllImport", "..\IPrinter\EagleDllImport\EagleDllImport.csproj", "{5D2EBC49-4152-4D6E-A7BD-D2574DC88010}"
EndProject
Project("{FAE04EC0-301F-11D3-BF4B-00C04F79EFBC}") = "CryptIbe", "..\IPrinter\CryptIbe\CryptIbe.csproj", "{65632608-A984-40D1-BC01-A71F4F83CC77}"
EndProject
Project("{FAE04EC0-301F-11D3-BF4B-00C04F79EFBC}") = "MovableLabel", "..\IPrinter\MovableLabel\MovableLabel.csproj", "{AB324E55-FF9E-4B2D-A69A-D01E745DA40A}"
EndProject
Global
	GlobalSection(SolutionConfigurationPlatforms) = preSolution
		Debug|Any CPU = Debug|Any CPU
		Debug|Mixed Platforms = Debug|Mixed Platforms
		Debug|Win32 = Debug|Win32
		Debug|x64 = Debug|x64
		Debug|x86 = Debug|x86
		Release|Any CPU = Release|Any CPU
		Release|Mixed Platforms = Release|Mixed Platforms
		Release|Win32 = Release|Win32
		Release|x64 = Release|x64
		Release|x86 = Release|x86
	EndGlobalSection
	GlobalSection(ProjectConfigurationPlatforms) = postSolution
		{0B3F6BD1-7DCF-4C9A-8275-48D64DAEA7A5}.Debug|Any CPU.ActiveCfg = Debug|Any CPU
		{0B3F6BD1-7DCF-4C9A-8275-48D64DAEA7A5}.Debug|Any CPU.Build.0 = Debug|Any CPU
		{0B3F6BD1-7DCF-4C9A-8275-48D64DAEA7A5}.Debug|Mixed Platforms.ActiveCfg = Debug|Any CPU
		{0B3F6BD1-7DCF-4C9A-8275-48D64DAEA7A5}.Debug|Mixed Platforms.Build.0 = Debug|Any CPU
		{0B3F6BD1-7DCF-4C9A-8275-48D64DAEA7A5}.Debug|Win32.ActiveCfg = Debug|Any CPU
		{0B3F6BD1-7DCF-4C9A-8275-48D64DAEA7A5}.Debug|x64.ActiveCfg = Debug|Any CPU
		{0B3F6BD1-7DCF-4C9A-8275-48D64DAEA7A5}.Debug|x86.ActiveCfg = Debug|Any CPU
		{0B3F6BD1-7DCF-4C9A-8275-48D64DAEA7A5}.Release|Any CPU.ActiveCfg = Debug|Any CPU
		{0B3F6BD1-7DCF-4C9A-8275-48D64DAEA7A5}.Release|Any CPU.Build.0 = Debug|Any CPU
		{0B3F6BD1-7DCF-4C9A-8275-48D64DAEA7A5}.Release|Mixed Platforms.ActiveCfg = Debug|Any CPU
		{0B3F6BD1-7DCF-4C9A-8275-48D64DAEA7A5}.Release|Mixed Platforms.Build.0 = Debug|Any CPU
		{0B3F6BD1-7DCF-4C9A-8275-48D64DAEA7A5}.Release|Win32.ActiveCfg = Debug|Any CPU
		{0B3F6BD1-7DCF-4C9A-8275-48D64DAEA7A5}.Release|x64.ActiveCfg = Debug|Any CPU
		{0B3F6BD1-7DCF-4C9A-8275-48D64DAEA7A5}.Release|x86.ActiveCfg = Debug|Any CPU
		{BCFA846C-03F5-4665-9DCA-EC6659D2FDE5}.Debug|Any CPU.ActiveCfg = Debug|Any CPU
		{BCFA846C-03F5-4665-9DCA-EC6659D2FDE5}.Debug|Any CPU.Build.0 = Debug|Any CPU
		{BCFA846C-03F5-4665-9DCA-EC6659D2FDE5}.Debug|Mixed Platforms.ActiveCfg = Debug|Any CPU
		{BCFA846C-03F5-4665-9DCA-EC6659D2FDE5}.Debug|Mixed Platforms.Build.0 = Debug|Any CPU
		{BCFA846C-03F5-4665-9DCA-EC6659D2FDE5}.Debug|Win32.ActiveCfg = Debug|Any CPU
		{BCFA846C-03F5-4665-9DCA-EC6659D2FDE5}.Debug|x64.ActiveCfg = Debug|Any CPU
		{BCFA846C-03F5-4665-9DCA-EC6659D2FDE5}.Debug|x86.ActiveCfg = Debug|Any CPU
		{BCFA846C-03F5-4665-9DCA-EC6659D2FDE5}.Release|Any CPU.ActiveCfg = Debug|Any CPU
		{BCFA846C-03F5-4665-9DCA-EC6659D2FDE5}.Release|Any CPU.Build.0 = Debug|Any CPU
		{BCFA846C-03F5-4665-9DCA-EC6659D2FDE5}.Release|Mixed Platforms.ActiveCfg = Debug|Any CPU
		{BCFA846C-03F5-4665-9DCA-EC6659D2FDE5}.Release|Mixed Platforms.Build.0 = Debug|Any CPU
		{BCFA846C-03F5-4665-9DCA-EC6659D2FDE5}.Release|Win32.ActiveCfg = Debug|Any CPU
		{BCFA846C-03F5-4665-9DCA-EC6659D2FDE5}.Release|x64.ActiveCfg = Debug|Any CPU
		{BCFA846C-03F5-4665-9DCA-EC6659D2FDE5}.Release|x86.ActiveCfg = Debug|Any CPU
		{CA03E30C-2335-4D80-A35D-A07830BE85C9}.Debug|Any CPU.ActiveCfg = Debug|Any CPU
		{CA03E30C-2335-4D80-A35D-A07830BE85C9}.Debug|Any CPU.Build.0 = Debug|Any CPU
		{CA03E30C-2335-4D80-A35D-A07830BE85C9}.Debug|Mixed Platforms.ActiveCfg = Debug|Any CPU
		{CA03E30C-2335-4D80-A35D-A07830BE85C9}.Debug|Mixed Platforms.Build.0 = Debug|Any CPU
		{CA03E30C-2335-4D80-A35D-A07830BE85C9}.Debug|Win32.ActiveCfg = Debug|Any CPU
		{CA03E30C-2335-4D80-A35D-A07830BE85C9}.Debug|x64.ActiveCfg = Debug|Any CPU
		{CA03E30C-2335-4D80-A35D-A07830BE85C9}.Debug|x86.ActiveCfg = Debug|Any CPU
		{CA03E30C-2335-4D80-A35D-A07830BE85C9}.Release|Any CPU.ActiveCfg = Release|Any CPU
		{CA03E30C-2335-4D80-A35D-A07830BE85C9}.Release|Any CPU.Build.0 = Release|Any CPU
		{CA03E30C-2335-4D80-A35D-A07830BE85C9}.Release|Mixed Platforms.ActiveCfg = Release|Any CPU
		{CA03E30C-2335-4D80-A35D-A07830BE85C9}.Release|Mixed Platforms.Build.0 = Release|Any CPU
		{CA03E30C-2335-4D80-A35D-A07830BE85C9}.Release|Win32.ActiveCfg = Release|Any CPU
		{CA03E30C-2335-4D80-A35D-A07830BE85C9}.Release|x64.ActiveCfg = Release|Any CPU
		{CA03E30C-2335-4D80-A35D-A07830BE85C9}.Release|x86.ActiveCfg = Release|Any CPU
		{46BCE798-32C0-442A-9801-996AC315B302}.Debug|Any CPU.ActiveCfg = Debug|x86
		{46BCE798-32C0-442A-9801-996AC315B302}.Debug|Mixed Platforms.ActiveCfg = Debug|x86
		{46BCE798-32C0-442A-9801-996AC315B302}.Debug|Mixed Platforms.Build.0 = Debug|x86
		{46BCE798-32C0-442A-9801-996AC315B302}.Debug|Win32.ActiveCfg = Debug|x86
		{46BCE798-32C0-442A-9801-996AC315B302}.Debug|x64.ActiveCfg = Debug|x86
		{46BCE798-32C0-442A-9801-996AC315B302}.Debug|x86.ActiveCfg = Debug|x86
		{46BCE798-32C0-442A-9801-996AC315B302}.Debug|x86.Build.0 = Debug|x86
		{46BCE798-32C0-442A-9801-996AC315B302}.Release|Any CPU.ActiveCfg = Release|x86
		{46BCE798-32C0-442A-9801-996AC315B302}.Release|Mixed Platforms.ActiveCfg = Release|x86
		{46BCE798-32C0-442A-9801-996AC315B302}.Release|Mixed Platforms.Build.0 = Release|x86
		{46BCE798-32C0-442A-9801-996AC315B302}.Release|Win32.ActiveCfg = Release|x86
		{46BCE798-32C0-442A-9801-996AC315B302}.Release|x64.ActiveCfg = Release|x86
		{46BCE798-32C0-442A-9801-996AC315B302}.Release|x86.ActiveCfg = Release|x86
		{46BCE798-32C0-442A-9801-996AC315B302}.Release|x86.Build.0 = Release|x86
		{1EC9EF68-4F16-43F4-A572-1F9605CF1B33}.Debug|Any CPU.ActiveCfg = Debug|Any CPU
		{1EC9EF68-4F16-43F4-A572-1F9605CF1B33}.Debug|Any CPU.Build.0 = Debug|Any CPU
		{1EC9EF68-4F16-43F4-A572-1F9605CF1B33}.Debug|Mixed Platforms.ActiveCfg = Debug|x64
		{1EC9EF68-4F16-43F4-A572-1F9605CF1B33}.Debug|Mixed Platforms.Build.0 = Debug|x64
		{1EC9EF68-4F16-43F4-A572-1F9605CF1B33}.Debug|Win32.ActiveCfg = Debug|x64
		{1EC9EF68-4F16-43F4-A572-1F9605CF1B33}.Debug|x64.ActiveCfg = Debug|x64
		{1EC9EF68-4F16-43F4-A572-1F9605CF1B33}.Debug|x64.Build.0 = Debug|x64
		{1EC9EF68-4F16-43F4-A572-1F9605CF1B33}.Debug|x86.ActiveCfg = Debug|x64
		{1EC9EF68-4F16-43F4-A572-1F9605CF1B33}.Release|Any CPU.ActiveCfg = Release|Any CPU
		{1EC9EF68-4F16-43F4-A572-1F9605CF1B33}.Release|Any CPU.Build.0 = Release|Any CPU
		{1EC9EF68-4F16-43F4-A572-1F9605CF1B33}.Release|Mixed Platforms.ActiveCfg = Release|x64
		{1EC9EF68-4F16-43F4-A572-1F9605CF1B33}.Release|Mixed Platforms.Build.0 = Release|x64
		{1EC9EF68-4F16-43F4-A572-1F9605CF1B33}.Release|Win32.ActiveCfg = Release|x64
		{1EC9EF68-4F16-43F4-A572-1F9605CF1B33}.Release|x64.ActiveCfg = Release|x64
		{1EC9EF68-4F16-43F4-A572-1F9605CF1B33}.Release|x64.Build.0 = Release|x64
		{1EC9EF68-4F16-43F4-A572-1F9605CF1B33}.Release|x86.ActiveCfg = Release|x64
		{D258A2E1-8979-457C-84B5-79B98F48D4CB}.Debug|Any CPU.ActiveCfg = Debug|Any CPU
		{D258A2E1-8979-457C-84B5-79B98F48D4CB}.Debug|Any CPU.Build.0 = Debug|Any CPU
		{D258A2E1-8979-457C-84B5-79B98F48D4CB}.Debug|Mixed Platforms.ActiveCfg = Debug|Any CPU
		{D258A2E1-8979-457C-84B5-79B98F48D4CB}.Debug|Mixed Platforms.Build.0 = Debug|Any CPU
		{D258A2E1-8979-457C-84B5-79B98F48D4CB}.Debug|Win32.ActiveCfg = Debug|Any CPU
		{D258A2E1-8979-457C-84B5-79B98F48D4CB}.Debug|x64.ActiveCfg = Debug|Any CPU
		{D258A2E1-8979-457C-84B5-79B98F48D4CB}.Debug|x86.ActiveCfg = Debug|Any CPU
		{D258A2E1-8979-457C-84B5-79B98F48D4CB}.Release|Any CPU.ActiveCfg = Release|Any CPU
		{D258A2E1-8979-457C-84B5-79B98F48D4CB}.Release|Any CPU.Build.0 = Release|Any CPU
		{D258A2E1-8979-457C-84B5-79B98F48D4CB}.Release|Mixed Platforms.ActiveCfg = Release|Any CPU
		{D258A2E1-8979-457C-84B5-79B98F48D4CB}.Release|Mixed Platforms.Build.0 = Release|Any CPU
		{D258A2E1-8979-457C-84B5-79B98F48D4CB}.Release|Win32.ActiveCfg = Release|Any CPU
		{D258A2E1-8979-457C-84B5-79B98F48D4CB}.Release|x64.ActiveCfg = Release|Any CPU
		{D258A2E1-8979-457C-84B5-79B98F48D4CB}.Release|x86.ActiveCfg = Release|Any CPU
		{72A07EFB-166F-4D65-9D6E-06899E0DAE7F}.Debug|Any CPU.ActiveCfg = Debug|Any CPU
		{72A07EFB-166F-4D65-9D6E-06899E0DAE7F}.Debug|Any CPU.Build.0 = Debug|Any CPU
		{72A07EFB-166F-4D65-9D6E-06899E0DAE7F}.Debug|Mixed Platforms.ActiveCfg = Debug|Any CPU
		{72A07EFB-166F-4D65-9D6E-06899E0DAE7F}.Debug|Mixed Platforms.Build.0 = Debug|Any CPU
		{72A07EFB-166F-4D65-9D6E-06899E0DAE7F}.Debug|Win32.ActiveCfg = Debug|Any CPU
		{72A07EFB-166F-4D65-9D6E-06899E0DAE7F}.Debug|x64.ActiveCfg = Debug|Any CPU
		{72A07EFB-166F-4D65-9D6E-06899E0DAE7F}.Debug|x86.ActiveCfg = Debug|Any CPU
		{72A07EFB-166F-4D65-9D6E-06899E0DAE7F}.Release|Any CPU.ActiveCfg = Release|Any CPU
		{72A07EFB-166F-4D65-9D6E-06899E0DAE7F}.Release|Any CPU.Build.0 = Release|Any CPU
		{72A07EFB-166F-4D65-9D6E-06899E0DAE7F}.Release|Mixed Platforms.ActiveCfg = Release|Any CPU
		{72A07EFB-166F-4D65-9D6E-06899E0DAE7F}.Release|Mixed Platforms.Build.0 = Release|Any CPU
		{72A07EFB-166F-4D65-9D6E-06899E0DAE7F}.Release|Win32.ActiveCfg = Release|Any CPU
		{72A07EFB-166F-4D65-9D6E-06899E0DAE7F}.Release|x64.ActiveCfg = Release|Any CPU
		{72A07EFB-166F-4D65-9D6E-06899E0DAE7F}.Release|x86.ActiveCfg = Release|Any CPU
		{B39546E6-497F-4002-B3FC-E14767A311BD}.Debug|Any CPU.ActiveCfg = Debug|Any CPU
		{B39546E6-497F-4002-B3FC-E14767A311BD}.Debug|Any CPU.Build.0 = Debug|Any CPU
		{B39546E6-497F-4002-B3FC-E14767A311BD}.Debug|Mixed Platforms.ActiveCfg = Debug|Any CPU
		{B39546E6-497F-4002-B3FC-E14767A311BD}.Debug|Mixed Platforms.Build.0 = Debug|Any CPU
		{B39546E6-497F-4002-B3FC-E14767A311BD}.Debug|Win32.ActiveCfg = Debug|Any CPU
		{B39546E6-497F-4002-B3FC-E14767A311BD}.Debug|x64.ActiveCfg = Debug|Any CPU
		{B39546E6-497F-4002-B3FC-E14767A311BD}.Debug|x86.ActiveCfg = Debug|Any CPU
		{B39546E6-497F-4002-B3FC-E14767A311BD}.Release|Any CPU.ActiveCfg = Release|Any CPU
		{B39546E6-497F-4002-B3FC-E14767A311BD}.Release|Any CPU.Build.0 = Release|Any CPU
		{B39546E6-497F-4002-B3FC-E14767A311BD}.Release|Mixed Platforms.ActiveCfg = Release|Any CPU
		{B39546E6-497F-4002-B3FC-E14767A311BD}.Release|Mixed Platforms.Build.0 = Release|Any CPU
		{B39546E6-497F-4002-B3FC-E14767A311BD}.Release|Win32.ActiveCfg = Release|Any CPU
		{B39546E6-497F-4002-B3FC-E14767A311BD}.Release|x64.ActiveCfg = Release|Any CPU
		{B39546E6-497F-4002-B3FC-E14767A311BD}.Release|x86.ActiveCfg = Release|Any CPU
		{9C496E4E-7A7F-4B65-9E81-1D90BA6F07AF}.Debug|Any CPU.ActiveCfg = Debug|Any CPU
		{9C496E4E-7A7F-4B65-9E81-1D90BA6F07AF}.Debug|Any CPU.Build.0 = Debug|Any CPU
		{9C496E4E-7A7F-4B65-9E81-1D90BA6F07AF}.Debug|Mixed Platforms.ActiveCfg = Debug|Any CPU
		{9C496E4E-7A7F-4B65-9E81-1D90BA6F07AF}.Debug|Mixed Platforms.Build.0 = Debug|Any CPU
		{9C496E4E-7A7F-4B65-9E81-1D90BA6F07AF}.Debug|Win32.ActiveCfg = Debug|Any CPU
		{9C496E4E-7A7F-4B65-9E81-1D90BA6F07AF}.Debug|x64.ActiveCfg = Debug|Any CPU
		{9C496E4E-7A7F-4B65-9E81-1D90BA6F07AF}.Debug|x86.ActiveCfg = Debug|Any CPU
		{9C496E4E-7A7F-4B65-9E81-1D90BA6F07AF}.Release|Any CPU.ActiveCfg = Release|Any CPU
		{9C496E4E-7A7F-4B65-9E81-1D90BA6F07AF}.Release|Any CPU.Build.0 = Release|Any CPU
		{9C496E4E-7A7F-4B65-9E81-1D90BA6F07AF}.Release|Mixed Platforms.ActiveCfg = Release|Any CPU
		{9C496E4E-7A7F-4B65-9E81-1D90BA6F07AF}.Release|Mixed Platforms.Build.0 = Release|Any CPU
		{9C496E4E-7A7F-4B65-9E81-1D90BA6F07AF}.Release|Win32.ActiveCfg = Release|Any CPU
		{9C496E4E-7A7F-4B65-9E81-1D90BA6F07AF}.Release|x64.ActiveCfg = Release|Any CPU
		{9C496E4E-7A7F-4B65-9E81-1D90BA6F07AF}.Release|x86.ActiveCfg = Release|Any CPU
		{096CB295-DFFF-4AE0-9517-CAC1FC8B749B}.Debug|Any CPU.ActiveCfg = Debug|Any CPU
		{096CB295-DFFF-4AE0-9517-CAC1FC8B749B}.Debug|Any CPU.Build.0 = Debug|Any CPU
		{096CB295-DFFF-4AE0-9517-CAC1FC8B749B}.Debug|Mixed Platforms.ActiveCfg = Debug|Any CPU
		{096CB295-DFFF-4AE0-9517-CAC1FC8B749B}.Debug|Mixed Platforms.Build.0 = Debug|Any CPU
		{096CB295-DFFF-4AE0-9517-CAC1FC8B749B}.Debug|Win32.ActiveCfg = Debug|Any CPU
		{096CB295-DFFF-4AE0-9517-CAC1FC8B749B}.Debug|x64.ActiveCfg = Debug|Any CPU
		{096CB295-DFFF-4AE0-9517-CAC1FC8B749B}.Debug|x86.ActiveCfg = Debug|Any CPU
		{096CB295-DFFF-4AE0-9517-CAC1FC8B749B}.Release|Any CPU.ActiveCfg = Release|Any CPU
		{096CB295-DFFF-4AE0-9517-CAC1FC8B749B}.Release|Any CPU.Build.0 = Release|Any CPU
		{096CB295-DFFF-4AE0-9517-CAC1FC8B749B}.Release|Mixed Platforms.ActiveCfg = Release|Any CPU
		{096CB295-DFFF-4AE0-9517-CAC1FC8B749B}.Release|Mixed Platforms.Build.0 = Release|Any CPU
		{096CB295-DFFF-4AE0-9517-CAC1FC8B749B}.Release|Win32.ActiveCfg = Release|Any CPU
		{096CB295-DFFF-4AE0-9517-CAC1FC8B749B}.Release|x64.ActiveCfg = Release|Any CPU
		{096CB295-DFFF-4AE0-9517-CAC1FC8B749B}.Release|x86.ActiveCfg = Release|Any CPU
		{9C348E48-AB52-43B0-A659-3338E1F52B73}.Debug|Any CPU.ActiveCfg = Debug|Any CPU
		{9C348E48-AB52-43B0-A659-3338E1F52B73}.Debug|Any CPU.Build.0 = Debug|Any CPU
		{9C348E48-AB52-43B0-A659-3338E1F52B73}.Debug|Mixed Platforms.ActiveCfg = Debug|Any CPU
		{9C348E48-AB52-43B0-A659-3338E1F52B73}.Debug|Mixed Platforms.Build.0 = Debug|Any CPU
		{9C348E48-AB52-43B0-A659-3338E1F52B73}.Debug|Win32.ActiveCfg = Debug|Any CPU
		{9C348E48-AB52-43B0-A659-3338E1F52B73}.Debug|x64.ActiveCfg = Debug|Any CPU
		{9C348E48-AB52-43B0-A659-3338E1F52B73}.Debug|x86.ActiveCfg = Debug|Any CPU
		{9C348E48-AB52-43B0-A659-3338E1F52B73}.Release|Any CPU.ActiveCfg = Release|Any CPU
		{9C348E48-AB52-43B0-A659-3338E1F52B73}.Release|Any CPU.Build.0 = Release|Any CPU
		{9C348E48-AB52-43B0-A659-3338E1F52B73}.Release|Mixed Platforms.ActiveCfg = Release|Any CPU
		{9C348E48-AB52-43B0-A659-3338E1F52B73}.Release|Mixed Platforms.Build.0 = Release|Any CPU
		{9C348E48-AB52-43B0-A659-3338E1F52B73}.Release|Win32.ActiveCfg = Release|Any CPU
		{9C348E48-AB52-43B0-A659-3338E1F52B73}.Release|x64.ActiveCfg = Release|Any CPU
		{9C348E48-AB52-43B0-A659-3338E1F52B73}.Release|x86.ActiveCfg = Release|Any CPU
		{1DECCF7A-0087-4C51-8EBE-A7E6CE7664C9}.Debug|Any CPU.ActiveCfg = Debug|Any CPU
		{1DECCF7A-0087-4C51-8EBE-A7E6CE7664C9}.Debug|Any CPU.Build.0 = Debug|Any CPU
		{1DECCF7A-0087-4C51-8EBE-A7E6CE7664C9}.Debug|Mixed Platforms.ActiveCfg = Debug|Any CPU
		{1DECCF7A-0087-4C51-8EBE-A7E6CE7664C9}.Debug|Mixed Platforms.Build.0 = Debug|Any CPU
		{1DECCF7A-0087-4C51-8EBE-A7E6CE7664C9}.Debug|Win32.ActiveCfg = Debug|Any CPU
		{1DECCF7A-0087-4C51-8EBE-A7E6CE7664C9}.Debug|x64.ActiveCfg = Debug|Any CPU
		{1DECCF7A-0087-4C51-8EBE-A7E6CE7664C9}.Debug|x86.ActiveCfg = Debug|Any CPU
		{1DECCF7A-0087-4C51-8EBE-A7E6CE7664C9}.Release|Any CPU.ActiveCfg = Release|Any CPU
		{1DECCF7A-0087-4C51-8EBE-A7E6CE7664C9}.Release|Any CPU.Build.0 = Release|Any CPU
		{1DECCF7A-0087-4C51-8EBE-A7E6CE7664C9}.Release|Mixed Platforms.ActiveCfg = Release|Any CPU
		{1DECCF7A-0087-4C51-8EBE-A7E6CE7664C9}.Release|Mixed Platforms.Build.0 = Release|Any CPU
		{1DECCF7A-0087-4C51-8EBE-A7E6CE7664C9}.Release|Win32.ActiveCfg = Release|Any CPU
		{1DECCF7A-0087-4C51-8EBE-A7E6CE7664C9}.Release|x64.ActiveCfg = Release|Any CPU
		{1DECCF7A-0087-4C51-8EBE-A7E6CE7664C9}.Release|x86.ActiveCfg = Release|Any CPU
		{F9B48D9F-D42D-41BB-BB9F-F74BADEDF494}.Debug|Any CPU.ActiveCfg = Debug|Any CPU
		{F9B48D9F-D42D-41BB-BB9F-F74BADEDF494}.Debug|Any CPU.Build.0 = Debug|Any CPU
		{F9B48D9F-D42D-41BB-BB9F-F74BADEDF494}.Debug|Mixed Platforms.ActiveCfg = Debug|Any CPU
		{F9B48D9F-D42D-41BB-BB9F-F74BADEDF494}.Debug|Mixed Platforms.Build.0 = Debug|Any CPU
		{F9B48D9F-D42D-41BB-BB9F-F74BADEDF494}.Debug|Win32.ActiveCfg = Debug|Any CPU
		{F9B48D9F-D42D-41BB-BB9F-F74BADEDF494}.Debug|x64.ActiveCfg = Debug|Any CPU
		{F9B48D9F-D42D-41BB-BB9F-F74BADEDF494}.Debug|x86.ActiveCfg = Debug|Any CPU
		{F9B48D9F-D42D-41BB-BB9F-F74BADEDF494}.Release|Any CPU.ActiveCfg = Release|Any CPU
		{F9B48D9F-D42D-41BB-BB9F-F74BADEDF494}.Release|Any CPU.Build.0 = Release|Any CPU
		{F9B48D9F-D42D-41BB-BB9F-F74BADEDF494}.Release|Mixed Platforms.ActiveCfg = Release|Any CPU
		{F9B48D9F-D42D-41BB-BB9F-F74BADEDF494}.Release|Mixed Platforms.Build.0 = Release|Any CPU
		{F9B48D9F-D42D-41BB-BB9F-F74BADEDF494}.Release|Win32.ActiveCfg = Release|Any CPU
		{F9B48D9F-D42D-41BB-BB9F-F74BADEDF494}.Release|x64.ActiveCfg = Release|Any CPU
		{F9B48D9F-D42D-41BB-BB9F-F74BADEDF494}.Release|x86.ActiveCfg = Release|Any CPU
		{72E82106-8204-42F8-8714-CEA2CBA3152C}.Debug|Any CPU.ActiveCfg = Debug|Any CPU
		{72E82106-8204-42F8-8714-CEA2CBA3152C}.Debug|Any CPU.Build.0 = Debug|Any CPU
		{72E82106-8204-42F8-8714-CEA2CBA3152C}.Debug|Mixed Platforms.ActiveCfg = Debug|Any CPU
		{72E82106-8204-42F8-8714-CEA2CBA3152C}.Debug|Mixed Platforms.Build.0 = Debug|Any CPU
		{72E82106-8204-42F8-8714-CEA2CBA3152C}.Debug|Win32.ActiveCfg = Debug|Any CPU
		{72E82106-8204-42F8-8714-CEA2CBA3152C}.Debug|x64.ActiveCfg = Debug|Any CPU
		{72E82106-8204-42F8-8714-CEA2CBA3152C}.Debug|x86.ActiveCfg = Debug|Any CPU
		{72E82106-8204-42F8-8714-CEA2CBA3152C}.Release|Any CPU.ActiveCfg = Release|Any CPU
		{72E82106-8204-42F8-8714-CEA2CBA3152C}.Release|Any CPU.Build.0 = Release|Any CPU
		{72E82106-8204-42F8-8714-CEA2CBA3152C}.Release|Mixed Platforms.ActiveCfg = Release|Any CPU
		{72E82106-8204-42F8-8714-CEA2CBA3152C}.Release|Mixed Platforms.Build.0 = Release|Any CPU
		{72E82106-8204-42F8-8714-CEA2CBA3152C}.Release|Win32.ActiveCfg = Release|Any CPU
		{72E82106-8204-42F8-8714-CEA2CBA3152C}.Release|x64.ActiveCfg = Release|Any CPU
		{72E82106-8204-42F8-8714-CEA2CBA3152C}.Release|x86.ActiveCfg = Release|Any CPU
		{D20BDD05-A8CA-4D62-A0A1-8B7E488A5ADD}.Debug|Any CPU.ActiveCfg = Debug|Any CPU
		{D20BDD05-A8CA-4D62-A0A1-8B7E488A5ADD}.Debug|Any CPU.Build.0 = Debug|Any CPU
		{D20BDD05-A8CA-4D62-A0A1-8B7E488A5ADD}.Debug|Mixed Platforms.ActiveCfg = Debug|Any CPU
		{D20BDD05-A8CA-4D62-A0A1-8B7E488A5ADD}.Debug|Mixed Platforms.Build.0 = Debug|Any CPU
		{D20BDD05-A8CA-4D62-A0A1-8B7E488A5ADD}.Debug|Win32.ActiveCfg = Debug|Any CPU
		{D20BDD05-A8CA-4D62-A0A1-8B7E488A5ADD}.Debug|x64.ActiveCfg = Debug|Any CPU
		{D20BDD05-A8CA-4D62-A0A1-8B7E488A5ADD}.Debug|x86.ActiveCfg = Debug|Any CPU
		{D20BDD05-A8CA-4D62-A0A1-8B7E488A5ADD}.Release|Any CPU.ActiveCfg = Release|Any CPU
		{D20BDD05-A8CA-4D62-A0A1-8B7E488A5ADD}.Release|Any CPU.Build.0 = Release|Any CPU
		{D20BDD05-A8CA-4D62-A0A1-8B7E488A5ADD}.Release|Mixed Platforms.ActiveCfg = Release|Any CPU
		{D20BDD05-A8CA-4D62-A0A1-8B7E488A5ADD}.Release|Mixed Platforms.Build.0 = Release|Any CPU
		{D20BDD05-A8CA-4D62-A0A1-8B7E488A5ADD}.Release|Win32.ActiveCfg = Release|Any CPU
		{D20BDD05-A8CA-4D62-A0A1-8B7E488A5ADD}.Release|x64.ActiveCfg = Release|Any CPU
		{D20BDD05-A8CA-4D62-A0A1-8B7E488A5ADD}.Release|x86.ActiveCfg = Release|Any CPU
		{61CDAD0E-ED34-446A-80F8-3DD5464DA58B}.Debug|Any CPU.ActiveCfg = Debug|Any CPU
		{61CDAD0E-ED34-446A-80F8-3DD5464DA58B}.Debug|Any CPU.Build.0 = Debug|Any CPU
		{61CDAD0E-ED34-446A-80F8-3DD5464DA58B}.Debug|Mixed Platforms.ActiveCfg = Debug|Any CPU
		{61CDAD0E-ED34-446A-80F8-3DD5464DA58B}.Debug|Mixed Platforms.Build.0 = Debug|Any CPU
		{61CDAD0E-ED34-446A-80F8-3DD5464DA58B}.Debug|Win32.ActiveCfg = Debug|Any CPU
		{61CDAD0E-ED34-446A-80F8-3DD5464DA58B}.Debug|x64.ActiveCfg = Debug|Any CPU
		{61CDAD0E-ED34-446A-80F8-3DD5464DA58B}.Debug|x86.ActiveCfg = Debug|Any CPU
		{61CDAD0E-ED34-446A-80F8-3DD5464DA58B}.Release|Any CPU.ActiveCfg = Release|Any CPU
		{61CDAD0E-ED34-446A-80F8-3DD5464DA58B}.Release|Any CPU.Build.0 = Release|Any CPU
		{61CDAD0E-ED34-446A-80F8-3DD5464DA58B}.Release|Mixed Platforms.ActiveCfg = Release|Any CPU
		{61CDAD0E-ED34-446A-80F8-3DD5464DA58B}.Release|Mixed Platforms.Build.0 = Release|Any CPU
		{61CDAD0E-ED34-446A-80F8-3DD5464DA58B}.Release|Win32.ActiveCfg = Release|Any CPU
		{61CDAD0E-ED34-446A-80F8-3DD5464DA58B}.Release|x64.ActiveCfg = Release|Any CPU
		{61CDAD0E-ED34-446A-80F8-3DD5464DA58B}.Release|x86.ActiveCfg = Release|Any CPU
		{805841AD-6955-4D93-A9D8-081473BC43EF}.Debug|Any CPU.ActiveCfg = Debug|Any CPU
		{805841AD-6955-4D93-A9D8-081473BC43EF}.Debug|Any CPU.Build.0 = Debug|Any CPU
		{805841AD-6955-4D93-A9D8-081473BC43EF}.Debug|Mixed Platforms.ActiveCfg = Debug|Any CPU
		{805841AD-6955-4D93-A9D8-081473BC43EF}.Debug|Mixed Platforms.Build.0 = Debug|Any CPU
		{805841AD-6955-4D93-A9D8-081473BC43EF}.Debug|Win32.ActiveCfg = Debug|Any CPU
		{805841AD-6955-4D93-A9D8-081473BC43EF}.Debug|x64.ActiveCfg = Debug|Any CPU
		{805841AD-6955-4D93-A9D8-081473BC43EF}.Debug|x86.ActiveCfg = Debug|Any CPU
		{805841AD-6955-4D93-A9D8-081473BC43EF}.Release|Any CPU.ActiveCfg = Release|Any CPU
		{805841AD-6955-4D93-A9D8-081473BC43EF}.Release|Any CPU.Build.0 = Release|Any CPU
		{805841AD-6955-4D93-A9D8-081473BC43EF}.Release|Mixed Platforms.ActiveCfg = Release|Any CPU
		{805841AD-6955-4D93-A9D8-081473BC43EF}.Release|Mixed Platforms.Build.0 = Release|Any CPU
		{805841AD-6955-4D93-A9D8-081473BC43EF}.Release|Win32.ActiveCfg = Release|Any CPU
		{805841AD-6955-4D93-A9D8-081473BC43EF}.Release|x64.ActiveCfg = Release|Any CPU
		{805841AD-6955-4D93-A9D8-081473BC43EF}.Release|x86.ActiveCfg = Release|Any CPU
		{A9ECB6B5-D31C-476D-AB68-7E121425991C}.Debug|Any CPU.ActiveCfg = Debug|Any CPU
		{A9ECB6B5-D31C-476D-AB68-7E121425991C}.Debug|Any CPU.Build.0 = Debug|Any CPU
		{A9ECB6B5-D31C-476D-AB68-7E121425991C}.Debug|Mixed Platforms.ActiveCfg = Debug|Any CPU
		{A9ECB6B5-D31C-476D-AB68-7E121425991C}.Debug|Mixed Platforms.Build.0 = Debug|Any CPU
		{A9ECB6B5-D31C-476D-AB68-7E121425991C}.Debug|Win32.ActiveCfg = Debug|Any CPU
		{A9ECB6B5-D31C-476D-AB68-7E121425991C}.Debug|x64.ActiveCfg = Debug|Any CPU
		{A9ECB6B5-D31C-476D-AB68-7E121425991C}.Debug|x86.ActiveCfg = Debug|Any CPU
		{A9ECB6B5-D31C-476D-AB68-7E121425991C}.Release|Any CPU.ActiveCfg = Release|Any CPU
		{A9ECB6B5-D31C-476D-AB68-7E121425991C}.Release|Any CPU.Build.0 = Release|Any CPU
		{A9ECB6B5-D31C-476D-AB68-7E121425991C}.Release|Mixed Platforms.ActiveCfg = Release|Any CPU
		{A9ECB6B5-D31C-476D-AB68-7E121425991C}.Release|Mixed Platforms.Build.0 = Release|Any CPU
		{A9ECB6B5-D31C-476D-AB68-7E121425991C}.Release|Win32.ActiveCfg = Release|Any CPU
		{A9ECB6B5-D31C-476D-AB68-7E121425991C}.Release|x64.ActiveCfg = Release|Any CPU
		{A9ECB6B5-D31C-476D-AB68-7E121425991C}.Release|x86.ActiveCfg = Release|Any CPU
		{41289AE3-D37C-40AA-86DF-831C21967998}.Debug|Any CPU.ActiveCfg = Debug|Any CPU
		{41289AE3-D37C-40AA-86DF-831C21967998}.Debug|Any CPU.Build.0 = Debug|Any CPU
		{41289AE3-D37C-40AA-86DF-831C21967998}.Debug|Mixed Platforms.ActiveCfg = Debug|Any CPU
		{41289AE3-D37C-40AA-86DF-831C21967998}.Debug|Mixed Platforms.Build.0 = Debug|Any CPU
		{41289AE3-D37C-40AA-86DF-831C21967998}.Debug|Win32.ActiveCfg = Debug|Any CPU
		{41289AE3-D37C-40AA-86DF-831C21967998}.Debug|x64.ActiveCfg = Debug|Any CPU
		{41289AE3-D37C-40AA-86DF-831C21967998}.Debug|x86.ActiveCfg = Debug|Any CPU
		{41289AE3-D37C-40AA-86DF-831C21967998}.Release|Any CPU.ActiveCfg = Release|Any CPU
		{41289AE3-D37C-40AA-86DF-831C21967998}.Release|Any CPU.Build.0 = Release|Any CPU
		{41289AE3-D37C-40AA-86DF-831C21967998}.Release|Mixed Platforms.ActiveCfg = Release|Any CPU
		{41289AE3-D37C-40AA-86DF-831C21967998}.Release|Mixed Platforms.Build.0 = Release|Any CPU
		{41289AE3-D37C-40AA-86DF-831C21967998}.Release|Win32.ActiveCfg = Release|Any CPU
		{41289AE3-D37C-40AA-86DF-831C21967998}.Release|x64.ActiveCfg = Release|Any CPU
		{41289AE3-D37C-40AA-86DF-831C21967998}.Release|x86.ActiveCfg = Release|Any CPU
		{6C5F9425-1F83-42E7-BCF3-100C2B3F8B83}.Debug|Any CPU.ActiveCfg = Debug|Any CPU
		{6C5F9425-1F83-42E7-BCF3-100C2B3F8B83}.Debug|Any CPU.Build.0 = Debug|Any CPU
		{6C5F9425-1F83-42E7-BCF3-100C2B3F8B83}.Debug|Mixed Platforms.ActiveCfg = Debug|Any CPU
		{6C5F9425-1F83-42E7-BCF3-100C2B3F8B83}.Debug|Mixed Platforms.Build.0 = Debug|Any CPU
		{6C5F9425-1F83-42E7-BCF3-100C2B3F8B83}.Debug|Win32.ActiveCfg = Debug|Any CPU
		{6C5F9425-1F83-42E7-BCF3-100C2B3F8B83}.Debug|x64.ActiveCfg = Debug|Any CPU
		{6C5F9425-1F83-42E7-BCF3-100C2B3F8B83}.Debug|x86.ActiveCfg = Debug|Any CPU
		{6C5F9425-1F83-42E7-BCF3-100C2B3F8B83}.Release|Any CPU.ActiveCfg = Release|Any CPU
		{6C5F9425-1F83-42E7-BCF3-100C2B3F8B83}.Release|Any CPU.Build.0 = Release|Any CPU
		{6C5F9425-1F83-42E7-BCF3-100C2B3F8B83}.Release|Mixed Platforms.ActiveCfg = Release|Any CPU
		{6C5F9425-1F83-42E7-BCF3-100C2B3F8B83}.Release|Mixed Platforms.Build.0 = Release|Any CPU
		{6C5F9425-1F83-42E7-BCF3-100C2B3F8B83}.Release|Win32.ActiveCfg = Release|Any CPU
		{6C5F9425-1F83-42E7-BCF3-100C2B3F8B83}.Release|x64.ActiveCfg = Release|Any CPU
		{6C5F9425-1F83-42E7-BCF3-100C2B3F8B83}.Release|x86.ActiveCfg = Release|Any CPU
		{7A147033-6E25-48D8-ADC9-3F2C2B38BDCF}.Debug|Any CPU.ActiveCfg = Debug|Any CPU
		{7A147033-6E25-48D8-ADC9-3F2C2B38BDCF}.Debug|Any CPU.Build.0 = Debug|Any CPU
		{7A147033-6E25-48D8-ADC9-3F2C2B38BDCF}.Debug|Mixed Platforms.ActiveCfg = Debug|Any CPU
		{7A147033-6E25-48D8-ADC9-3F2C2B38BDCF}.Debug|Mixed Platforms.Build.0 = Debug|Any CPU
		{7A147033-6E25-48D8-ADC9-3F2C2B38BDCF}.Debug|Win32.ActiveCfg = Debug|Any CPU
		{7A147033-6E25-48D8-ADC9-3F2C2B38BDCF}.Debug|x64.ActiveCfg = Debug|Any CPU
		{7A147033-6E25-48D8-ADC9-3F2C2B38BDCF}.Debug|x86.ActiveCfg = Debug|Any CPU
		{7A147033-6E25-48D8-ADC9-3F2C2B38BDCF}.Release|Any CPU.ActiveCfg = Release|Any CPU
		{7A147033-6E25-48D8-ADC9-3F2C2B38BDCF}.Release|Any CPU.Build.0 = Release|Any CPU
		{7A147033-6E25-48D8-ADC9-3F2C2B38BDCF}.Release|Mixed Platforms.ActiveCfg = Release|Any CPU
		{7A147033-6E25-48D8-ADC9-3F2C2B38BDCF}.Release|Mixed Platforms.Build.0 = Release|Any CPU
		{7A147033-6E25-48D8-ADC9-3F2C2B38BDCF}.Release|Win32.ActiveCfg = Release|Any CPU
		{7A147033-6E25-48D8-ADC9-3F2C2B38BDCF}.Release|x64.ActiveCfg = Release|Any CPU
		{7A147033-6E25-48D8-ADC9-3F2C2B38BDCF}.Release|x86.ActiveCfg = Release|Any CPU
		{5D2EBC49-4152-4D6E-A7BD-D2574DC88010}.Debug|Any CPU.ActiveCfg = Debug|Any CPU
		{5D2EBC49-4152-4D6E-A7BD-D2574DC88010}.Debug|Any CPU.Build.0 = Debug|Any CPU
		{5D2EBC49-4152-4D6E-A7BD-D2574DC88010}.Debug|Mixed Platforms.ActiveCfg = Debug|Any CPU
		{5D2EBC49-4152-4D6E-A7BD-D2574DC88010}.Debug|Mixed Platforms.Build.0 = Debug|Any CPU
		{5D2EBC49-4152-4D6E-A7BD-D2574DC88010}.Debug|Win32.ActiveCfg = Debug|Any CPU
		{5D2EBC49-4152-4D6E-A7BD-D2574DC88010}.Debug|x64.ActiveCfg = Debug|Any CPU
		{5D2EBC49-4152-4D6E-A7BD-D2574DC88010}.Debug|x86.ActiveCfg = Debug|Any CPU
		{5D2EBC49-4152-4D6E-A7BD-D2574DC88010}.Release|Any CPU.ActiveCfg = Release|Any CPU
		{5D2EBC49-4152-4D6E-A7BD-D2574DC88010}.Release|Any CPU.Build.0 = Release|Any CPU
		{5D2EBC49-4152-4D6E-A7BD-D2574DC88010}.Release|Mixed Platforms.ActiveCfg = Release|Any CPU
		{5D2EBC49-4152-4D6E-A7BD-D2574DC88010}.Release|Mixed Platforms.Build.0 = Release|Any CPU
		{5D2EBC49-4152-4D6E-A7BD-D2574DC88010}.Release|Win32.ActiveCfg = Release|Any CPU
		{5D2EBC49-4152-4D6E-A7BD-D2574DC88010}.Release|x64.ActiveCfg = Release|Any CPU
		{5D2EBC49-4152-4D6E-A7BD-D2574DC88010}.Release|x86.ActiveCfg = Release|Any CPU
		{65632608-A984-40D1-BC01-A71F4F83CC77}.Debug|Any CPU.ActiveCfg = Debug|Any CPU
		{65632608-A984-40D1-BC01-A71F4F83CC77}.Debug|Any CPU.Build.0 = Debug|Any CPU
		{65632608-A984-40D1-BC01-A71F4F83CC77}.Debug|Mixed Platforms.ActiveCfg = Debug|Any CPU
		{65632608-A984-40D1-BC01-A71F4F83CC77}.Debug|Mixed Platforms.Build.0 = Debug|Any CPU
		{65632608-A984-40D1-BC01-A71F4F83CC77}.Debug|Win32.ActiveCfg = Debug|Any CPU
		{65632608-A984-40D1-BC01-A71F4F83CC77}.Debug|x64.ActiveCfg = Debug|Any CPU
		{65632608-A984-40D1-BC01-A71F4F83CC77}.Debug|x86.ActiveCfg = Debug|Any CPU
		{65632608-A984-40D1-BC01-A71F4F83CC77}.Release|Any CPU.ActiveCfg = Release|Any CPU
		{65632608-A984-40D1-BC01-A71F4F83CC77}.Release|Any CPU.Build.0 = Release|Any CPU
		{65632608-A984-40D1-BC01-A71F4F83CC77}.Release|Mixed Platforms.ActiveCfg = Release|Any CPU
		{65632608-A984-40D1-BC01-A71F4F83CC77}.Release|Mixed Platforms.Build.0 = Release|Any CPU
		{65632608-A984-40D1-BC01-A71F4F83CC77}.Release|Win32.ActiveCfg = Release|Any CPU
		{65632608-A984-40D1-BC01-A71F4F83CC77}.Release|x64.ActiveCfg = Release|Any CPU
		{65632608-A984-40D1-BC01-A71F4F83CC77}.Release|x86.ActiveCfg = Release|Any CPU
		{AB324E55-FF9E-4B2D-A69A-D01E745DA40A}.Debug|Any CPU.ActiveCfg = Debug|Any CPU
		{AB324E55-FF9E-4B2D-A69A-D01E745DA40A}.Debug|Any CPU.Build.0 = Debug|Any CPU
		{AB324E55-FF9E-4B2D-A69A-D01E745DA40A}.Debug|Mixed Platforms.ActiveCfg = Debug|Any CPU
		{AB324E55-FF9E-4B2D-A69A-D01E745DA40A}.Debug|Mixed Platforms.Build.0 = Debug|Any CPU
		{AB324E55-FF9E-4B2D-A69A-D01E745DA40A}.Debug|Win32.ActiveCfg = Debug|Any CPU
		{AB324E55-FF9E-4B2D-A69A-D01E745DA40A}.Debug|x64.ActiveCfg = Debug|Any CPU
		{AB324E55-FF9E-4B2D-A69A-D01E745DA40A}.Debug|x86.ActiveCfg = Debug|Any CPU
		{AB324E55-FF9E-4B2D-A69A-D01E745DA40A}.Release|Any CPU.ActiveCfg = Release|Any CPU
		{AB324E55-FF9E-4B2D-A69A-D01E745DA40A}.Release|Any CPU.Build.0 = Release|Any CPU
		{AB324E55-FF9E-4B2D-A69A-D01E745DA40A}.Release|Mixed Platforms.ActiveCfg = Release|Any CPU
		{AB324E55-FF9E-4B2D-A69A-D01E745DA40A}.Release|Mixed Platforms.Build.0 = Release|Any CPU
		{AB324E55-FF9E-4B2D-A69A-D01E745DA40A}.Release|Win32.ActiveCfg = Release|Any CPU
		{AB324E55-FF9E-4B2D-A69A-D01E745DA40A}.Release|x64.ActiveCfg = Release|Any CPU
		{AB324E55-FF9E-4B2D-A69A-D01E745DA40A}.Release|x86.ActiveCfg = Release|Any CPU
	EndGlobalSection
	GlobalSection(SolutionProperties) = preSolution
		HideSolutionNode = FALSE
	EndGlobalSection
	GlobalSection(NestedProjects) = preSolution
		{1EC9EF68-4F16-43F4-A572-1F9605CF1B33} = {748DB40B-21FB-42E3-BB4F-F90F991F7021}
		{D258A2E1-8979-457C-84B5-79B98F48D4CB} = {748DB40B-21FB-42E3-BB4F-F90F991F7021}
		{72A07EFB-166F-4D65-9D6E-06899E0DAE7F} = {748DB40B-21FB-42E3-BB4F-F90F991F7021}
		{B39546E6-497F-4002-B3FC-E14767A311BD} = {748DB40B-21FB-42E3-BB4F-F90F991F7021}
		{9C496E4E-7A7F-4B65-9E81-1D90BA6F07AF} = {748DB40B-21FB-42E3-BB4F-F90F991F7021}
		{096CB295-DFFF-4AE0-9517-CAC1FC8B749B} = {748DB40B-21FB-42E3-BB4F-F90F991F7021}
		{9C348E48-AB52-43B0-A659-3338E1F52B73} = {748DB40B-21FB-42E3-BB4F-F90F991F7021}
		{1DECCF7A-0087-4C51-8EBE-A7E6CE7664C9} = {748DB40B-21FB-42E3-BB4F-F90F991F7021}
		{F9B48D9F-D42D-41BB-BB9F-F74BADEDF494} = {748DB40B-21FB-42E3-BB4F-F90F991F7021}
		{72E82106-8204-42F8-8714-CEA2CBA3152C} = {748DB40B-21FB-42E3-BB4F-F90F991F7021}
		{D20BDD05-A8CA-4D62-A0A1-8B7E488A5ADD} = {748DB40B-21FB-42E3-BB4F-F90F991F7021}
		{61CDAD0E-ED34-446A-80F8-3DD5464DA58B} = {748DB40B-21FB-42E3-BB4F-F90F991F7021}
		{805841AD-6955-4D93-A9D8-081473BC43EF} = {748DB40B-21FB-42E3-BB4F-F90F991F7021}
		{A9ECB6B5-D31C-476D-AB68-7E121425991C} = {748DB40B-21FB-42E3-BB4F-F90F991F7021}
		{41289AE3-D37C-40AA-86DF-831C21967998} = {748DB40B-21FB-42E3-BB4F-F90F991F7021}
		{6C5F9425-1F83-42E7-BCF3-100C2B3F8B83} = {748DB40B-21FB-42E3-BB4F-F90F991F7021}
		{7A147033-6E25-48D8-ADC9-3F2C2B38BDCF} = {748DB40B-21FB-42E3-BB4F-F90F991F7021}
		{5D2EBC49-4152-4D6E-A7BD-D2574DC88010} = {748DB40B-21FB-42E3-BB4F-F90F991F7021}
		{65632608-A984-40D1-BC01-A71F4F83CC77} = {748DB40B-21FB-42E3-BB4F-F90F991F7021}
		{AB324E55-FF9E-4B2D-A69A-D01E745DA40A} = {748DB40B-21FB-42E3-BB4F-F90F991F7021}
	EndGlobalSection
	GlobalSection(ExtensibilityGlobals) = postSolution
		VisualSVNWorkingCopyRoot = ..
	EndGlobalSection
EndGlobal
